// !$*UTF8*$!
{
	archiveVersion = 1;
	classes = {
	};
	objectVersion = 77;
	objects = {

/* Begin PBXContainerItemProxy section */
		3FC9837E2D7B0A1700D828D6 /* PBXContainerItemProxy */ = {
			isa = PBXContainerItemProxy;
			containerPortal = 3FC983652D7B0A1500D828D6 /* Project object */;
			proxyType = 1;
			remoteGlobalIDString = 3FC9836C2D7B0A1600D828D6;
			remoteInfo = mobile_CA2;
		};
		3FC983882D7B0A1700D828D6 /* PBXContainerItemProxy */ = {
			isa = PBXContainerItemProxy;
			containerPortal = 3FC983652D7B0A1500D828D6 /* Project object */;
			proxyType = 1;
			remoteGlobalIDString = 3FC9836C2D7B0A1600D828D6;
			remoteInfo = mobile_CA2;
		};
/* End PBXContainerItemProxy section */

/* Begin PBXFileReference section */
		3FC9836D2D7B0A1600D828D6 /* mobile_CA2.app */ = {isa = PBXFileReference; explicitFileType = wrapper.application; includeInIndex = 0; path = mobile_CA2.app; sourceTree = BUILT_PRODUCTS_DIR; };
		3FC9837D2D7B0A1700D828D6 /* mobile_CA2Tests.xctest */ = {isa = PBXFileReference; explicitFileType = wrapper.cfbundle; includeInIndex = 0; path = mobile_CA2Tests.xctest; sourceTree = BUILT_PRODUCTS_DIR; };
		3FC983872D7B0A1700D828D6 /* mobile_CA2UITests.xctest */ = {isa = PBXFileReference; explicitFileType = wrapper.cfbundle; includeInIndex = 0; path = mobile_CA2UITests.xctest; sourceTree = BUILT_PRODUCTS_DIR; };
/* End PBXFileReference section */

/* Begin PBXFileSystemSynchronizedRootGroup section */
		3FC9836F2D7B0A1600D828D6 /* mobile_CA2 */ = {
			isa = PBXFileSystemSynchronizedRootGroup;
			path = mobile_CA2;
			sourceTree = "<group>";
		};
		3FC983802D7B0A1700D828D6 /* mobile_CA2Tests */ = {
			isa = PBXFileSystemSynchronizedRootGroup;
			path = mobile_CA2Tests;
			sourceTree = "<group>";
		};
		3FC9838A2D7B0A1700D828D6 /* mobile_CA2UITests */ = {
			isa = PBXFileSystemSynchronizedRootGroup;
			path = mobile_CA2UITests;
			sourceTree = "<group>";
		};
/* End PBXFileSystemSynchronizedRootGroup section */

/* Begin PBXFrameworksBuildPhase section */
		3FC9836A2D7B0A1600D828D6 /* Frameworks */ = {
			isa = PBXFrameworksBuildPhase;
			buildActionMask = 2147483647;
			files = (
			);
			runOnlyForDeploymentPostprocessing = 0;
		};
		3FC9837A2D7B0A1700D828D6 /* Frameworks */ = {
			isa = PBXFrameworksBuildPhase;
			buildActionMask = 2147483647;
			files = (
			);
			runOnlyForDeploymentPostprocessing = 0;
		};
		3FC983842D7B0A1700D828D6 /* Frameworks */ = {
			isa = PBXFrameworksBuildPhase;
			buildActionMask = 2147483647;
			files = (
			);
			runOnlyForDeploymentPostprocessing = 0;
		};
/* End PBXFrameworksBuildPhase section */

/* Begin PBXGroup section */
		3FC983642D7B0A1500D828D6 = {
			isa = PBXGroup;
			children = (
				3FC9836F2D7B0A1600D828D6 /* mobile_CA2 */,
				3FC983802D7B0A1700D828D6 /* mobile_CA2Tests */,
				3FC9838A2D7B0A1700D828D6 /* mobile_CA2UITests */,
				3FC9836E2D7B0A1600D828D6 /* Products */,
			);
			sourceTree = "<group>";
		};
		3FC9836E2D7B0A1600D828D6 /* Products */ = {
			isa = PBXGroup;
			children = (
				3FC9836D2D7B0A1600D828D6 /* mobile_CA2.app */,
				3FC9837D2D7B0A1700D828D6 /* mobile_CA2Tests.xctest */,
				3FC983872D7B0A1700D828D6 /* mobile_CA2UITests.xctest */,
			);
			name = Products;
			sourceTree = "<group>";
		};
/* End PBXGroup section */

/* Begin PBXNativeTarget section */
		3FC9836C2D7B0A1600D828D6 /* mobile_CA2 */ = {
			isa = PBXNativeTarget;
			buildConfigurationList = 3FC983912D7B0A1700D828D6 /* Build configuration list for PBXNativeTarget "mobile_CA2" */;
			buildPhases = (
				3FC983692D7B0A1600D828D6 /* Sources */,
				3FC9836A2D7B0A1600D828D6 /* Frameworks */,
				3FC9836B2D7B0A1600D828D6 /* Resources */,
			);
			buildRules = (
			);
			dependencies = (
			);
			fileSystemSynchronizedGroups = (
				3FC9836F2D7B0A1600D828D6 /* mobile_CA2 */,
			);
			name = mobile_CA2;
			packageProductDependencies = (
			);
			productName = mobile_CA2;
			productReference = 3FC9836D2D7B0A1600D828D6 /* mobile_CA2.app */;
			productType = "com.apple.product-type.application";
		};
		3FC9837C2D7B0A1700D828D6 /* mobile_CA2Tests */ = {
			isa = PBXNativeTarget;
			buildConfigurationList = 3FC983942D7B0A1700D828D6 /* Build configuration list for PBXNativeTarget "mobile_CA2Tests" */;
			buildPhases = (
				3FC983792D7B0A1700D828D6 /* Sources */,
				3FC9837A2D7B0A1700D828D6 /* Frameworks */,
				3FC9837B2D7B0A1700D828D6 /* Resources */,
			);
			buildRules = (
			);
			dependencies = (
				3FC9837F2D7B0A1700D828D6 /* PBXTargetDependency */,
			);
			fileSystemSynchronizedGroups = (
				3FC983802D7B0A1700D828D6 /* mobile_CA2Tests */,
			);
			name = mobile_CA2Tests;
			packageProductDependencies = (
			);
			productName = mobile_CA2Tests;
			productReference = 3FC9837D2D7B0A1700D828D6 /* mobile_CA2Tests.xctest */;
			productType = "com.apple.product-type.bundle.unit-test";
		};
		3FC983862D7B0A1700D828D6 /* mobile_CA2UITests */ = {
			isa = PBXNativeTarget;
			buildConfigurationList = 3FC983972D7B0A1700D828D6 /* Build configuration list for PBXNativeTarget "mobile_CA2UITests" */;
			buildPhases = (
				3FC983832D7B0A1700D828D6 /* Sources */,
				3FC983842D7B0A1700D828D6 /* Frameworks */,
				3FC983852D7B0A1700D828D6 /* Resources */,
			);
			buildRules = (
			);
			dependencies = (
				3FC983892D7B0A1700D828D6 /* PBXTargetDependency */,
			);
			fileSystemSynchronizedGroups = (
				3FC9838A2D7B0A1700D828D6 /* mobile_CA2UITests */,
			);
			name = mobile_CA2UITests;
			packageProductDependencies = (
			);
			productName = mobile_CA2UITests;
			productReference = 3FC983872D7B0A1700D828D6 /* mobile_CA2UITests.xctest */;
			productType = "com.apple.product-type.bundle.ui-testing";
		};
/* End PBXNativeTarget section */

/* Begin PBXProject section */
		3FC983652D7B0A1500D828D6 /* Project object */ = {
			isa = PBXProject;
			attributes = {
				BuildIndependentTargetsInParallel = 1;
				LastSwiftUpdateCheck = 1620;
				LastUpgradeCheck = 1620;
				TargetAttributes = {
					3FC9836C2D7B0A1600D828D6 = {
						CreatedOnToolsVersion = 16.2;
					};
					3FC9837C2D7B0A1700D828D6 = {
						CreatedOnToolsVersion = 16.2;
						TestTargetID = 3FC9836C2D7B0A1600D828D6;
					};
					3FC983862D7B0A1700D828D6 = {
						CreatedOnToolsVersion = 16.2;
						TestTargetID = 3FC9836C2D7B0A1600D828D6;
					};
				};
			};
			buildConfigurationList = 3FC983682D7B0A1500D828D6 /* Build configuration list for PBXProject "mobile_CA2" */;
			developmentRegion = en;
			hasScannedForEncodings = 0;
			knownRegions = (
				en,
				Base,
				fr,
				de,
			);
			mainGroup = 3FC983642D7B0A1500D828D6;
			minimizedProjectReferenceProxies = 1;
			preferredProjectObjectVersion = 77;
			productRefGroup = 3FC9836E2D7B0A1600D828D6 /* Products */;
			projectDirPath = "";
			projectRoot = "";
			targets = (
				3FC9836C2D7B0A1600D828D6 /* mobile_CA2 */,
				3FC9837C2D7B0A1700D828D6 /* mobile_CA2Tests */,
				3FC983862D7B0A1700D828D6 /* mobile_CA2UITests */,
			);
		};
/* End PBXProject section */

/* Begin PBXResourcesBuildPhase section */
		3FC9836B2D7B0A1600D828D6 /* Resources */ = {
			isa = PBXResourcesBuildPhase;
			buildActionMask = 2147483647;
			files = (
			);
			runOnlyForDeploymentPostprocessing = 0;
		};
		3FC9837B2D7B0A1700D828D6 /* Resources */ = {
			isa = PBXResourcesBuildPhase;
			buildActionMask = 2147483647;
			files = (
			);
			runOnlyForDeploymentPostprocessing = 0;
		};
		3FC983852D7B0A1700D828D6 /* Resources */ = {
			isa = PBXResourcesBuildPhase;
			buildActionMask = 2147483647;
			files = (
			);
			runOnlyForDeploymentPostprocessing = 0;
		};
/* End PBXResourcesBuildPhase section */

/* Begin PBXSourcesBuildPhase section */
		3FC983692D7B0A1600D828D6 /* Sources */ = {
			isa = PBXSourcesBuildPhase;
			buildActionMask = 2147483647;
			files = (
			);
			runOnlyForDeploymentPostprocessing = 0;
		};
		3FC983792D7B0A1700D828D6 /* Sources */ = {
			isa = PBXSourcesBuildPhase;
			buildActionMask = 2147483647;
			files = (
			);
			runOnlyForDeploymentPostprocessing = 0;
		};
		3FC983832D7B0A1700D828D6 /* Sources */ = {
			isa = PBXSourcesBuildPhase;
			buildActionMask = 2147483647;
			files = (
			);
			runOnlyForDeploymentPostprocessing = 0;
		};
/* End PBXSourcesBuildPhase section */

/* Begin PBXTargetDependency section */
		3FC9837F2D7B0A1700D828D6 /* PBXTargetDependency */ = {
			isa = PBXTargetDependency;
			target = 3FC9836C2D7B0A1600D828D6 /* mobile_CA2 */;
			targetProxy = 3FC9837E2D7B0A1700D828D6 /* PBXContainerItemProxy */;
		};
		3FC983892D7B0A1700D828D6 /* PBXTargetDependency */ = {
			isa = PBXTargetDependency;
			target = 3FC9836C2D7B0A1600D828D6 /* mobile_CA2 */;
			targetProxy = 3FC983882D7B0A1700D828D6 /* PBXContainerItemProxy */;
		};
/* End PBXTargetDependency section */

/* Begin XCBuildConfiguration section */
		3FC9838F2D7B0A1700D828D6 /* Debug */ = {
			isa = XCBuildConfiguration;
			buildSettings = {
				ALWAYS_SEARCH_USER_PATHS = NO;
				ASSETCATALOG_COMPILER_GENERATE_SWIFT_ASSET_SYMBOL_EXTENSIONS = YES;
				CLANG_ANALYZER_NONNULL = YES;
				CLANG_ANALYZER_NUMBER_OBJECT_CONVERSION = YES_AGGRESSIVE;
				CLANG_CXX_LANGUAGE_STANDARD = "gnu++20";
				CLANG_ENABLE_MODULES = YES;
				CLANG_ENABLE_OBJC_ARC = YES;
				CLANG_ENABLE_OBJC_WEAK = YES;
				CLANG_WARN_BLOCK_CAPTURE_AUTORELEASING = YES;
				CLANG_WARN_BOOL_CONVERSION = YES;
				CLANG_WARN_COMMA = YES;
				CLANG_WARN_CONSTANT_CONVERSION = YES;
				CLANG_WARN_DEPRECATED_OBJC_IMPLEMENTATIONS = YES;
				CLANG_WARN_DIRECT_OBJC_ISA_USAGE = YES_ERROR;
				CLANG_WARN_DOCUMENTATION_COMMENTS = YES;
				CLANG_WARN_EMPTY_BODY = YES;
				CLANG_WARN_ENUM_CONVERSION = YES;
				CLANG_WARN_INFINITE_RECURSION = YES;
				CLANG_WARN_INT_CONVERSION = YES;
				CLANG_WARN_NON_LITERAL_NULL_CONVERSION = YES;
				CLANG_WARN_OBJC_IMPLICIT_RETAIN_SELF = YES;
				CLANG_WARN_OBJC_LITERAL_CONVERSION = YES;
				CLANG_WARN_OBJC_ROOT_CLASS = YES_ERROR;
				CLANG_WARN_QUOTED_INCLUDE_IN_FRAMEWORK_HEADER = YES;
				CLANG_WARN_RANGE_LOOP_ANALYSIS = YES;
				CLANG_WARN_STRICT_PROTOTYPES = YES;
				CLANG_WARN_SUSPICIOUS_MOVE = YES;
				CLANG_WARN_UNGUARDED_AVAILABILITY = YES_AGGRESSIVE;
				CLANG_WARN_UNREACHABLE_CODE = YES;
				CLANG_WARN__DUPLICATE_METHOD_MATCH = YES;
				COPY_PHASE_STRIP = NO;
				DEBUG_INFORMATION_FORMAT = dwarf;
				ENABLE_STRICT_OBJC_MSGSEND = YES;
				ENABLE_TESTABILITY = YES;
				ENABLE_USER_SCRIPT_SANDBOXING = YES;
				GCC_C_LANGUAGE_STANDARD = gnu17;
				GCC_DYNAMIC_NO_PIC = NO;
				GCC_NO_COMMON_BLOCKS = YES;
				GCC_OPTIMIZATION_LEVEL = 0;
				GCC_PREPROCESSOR_DEFINITIONS = (
					"DEBUG=1",
					"$(inherited)",
				);
				GCC_WARN_64_TO_32_BIT_CONVERSION = YES;
				GCC_WARN_ABOUT_RETURN_TYPE = YES_ERROR;
				GCC_WARN_UNDECLARED_SELECTOR = YES;
				GCC_WARN_UNINITIALIZED_AUTOS = YES_AGGRESSIVE;
				GCC_WARN_UNUSED_FUNCTION = YES;
				GCC_WARN_UNUSED_VARIABLE = YES;
				IPHONEOS_DEPLOYMENT_TARGET = 18.2;
				LOCALIZATION_PREFERS_STRING_CATALOGS = YES;
				MTL_ENABLE_DEBUG_INFO = INCLUDE_SOURCE;
				MTL_FAST_MATH = YES;
				ONLY_ACTIVE_ARCH = YES;
				SDKROOT = iphoneos;
				SWIFT_ACTIVE_COMPILATION_CONDITIONS = "DEBUG $(inherited)";
				SWIFT_EMIT_LOC_STRINGS = YES;
				SWIFT_OPTIMIZATION_LEVEL = "-Onone";
			};
			name = Debug;
		};
		3FC983902D7B0A1700D828D6 /* Release */ = {
			isa = XCBuildConfiguration;
			buildSettings = {
				ALWAYS_SEARCH_USER_PATHS = NO;
				ASSETCATALOG_COMPILER_GENERATE_SWIFT_ASSET_SYMBOL_EXTENSIONS = YES;
				CLANG_ANALYZER_NONNULL = YES;
				CLANG_ANALYZER_NUMBER_OBJECT_CONVERSION = YES_AGGRESSIVE;
				CLANG_CXX_LANGUAGE_STANDARD = "gnu++20";
				CLANG_ENABLE_MODULES = YES;
				CLANG_ENABLE_OBJC_ARC = YES;
				CLANG_ENABLE_OBJC_WEAK = YES;
				CLANG_WARN_BLOCK_CAPTURE_AUTORELEASING = YES;
				CLANG_WARN_BOOL_CONVERSION = YES;
				CLANG_WARN_COMMA = YES;
				CLANG_WARN_CONSTANT_CONVERSION = YES;
				CLANG_WARN_DEPRECATED_OBJC_IMPLEMENTATIONS = YES;
				CLANG_WARN_DIRECT_OBJC_ISA_USAGE = YES_ERROR;
				CLANG_WARN_DOCUMENTATION_COMMENTS = YES;
				CLANG_WARN_EMPTY_BODY = YES;
				CLANG_WARN_ENUM_CONVERSION = YES;
				CLANG_WARN_INFINITE_RECURSION = YES;
				CLANG_WARN_INT_CONVERSION = YES;
				CLANG_WARN_NON_LITERAL_NULL_CONVERSION = YES;
				CLANG_WARN_OBJC_IMPLICIT_RETAIN_SELF = YES;
				CLANG_WARN_OBJC_LITERAL_CONVERSION = YES;
				CLANG_WARN_OBJC_ROOT_CLASS = YES_ERROR;
				CLANG_WARN_QUOTED_INCLUDE_IN_FRAMEWORK_HEADER = YES;
				CLANG_WARN_RANGE_LOOP_ANALYSIS = YES;
				CLANG_WARN_STRICT_PROTOTYPES = YES;
				CLANG_WARN_SUSPICIOUS_MOVE = YES;
				CLANG_WARN_UNGUARDED_AVAILABILITY = YES_AGGRESSIVE;
				CLANG_WARN_UNREACHABLE_CODE = YES;
				CLANG_WARN__DUPLICATE_METHOD_MATCH = YES;
				COPY_PHASE_STRIP = NO;
				DEBUG_INFORMATION_FORMAT = "dwarf-with-dsym";
				ENABLE_NS_ASSERTIONS = NO;
				ENABLE_STRICT_OBJC_MSGSEND = YES;
				ENABLE_USER_SCRIPT_SANDBOXING = YES;
				GCC_C_LANGUAGE_STANDARD = gnu17;
				GCC_NO_COMMON_BLOCKS = YES;
				GCC_WARN_64_TO_32_BIT_CONVERSION = YES;
				GCC_WARN_ABOUT_RETURN_TYPE = YES_ERROR;
				GCC_WARN_UNDECLARED_SELECTOR = YES;
				GCC_WARN_UNINITIALIZED_AUTOS = YES_AGGRESSIVE;
				GCC_WARN_UNUSED_FUNCTION = YES;
				GCC_WARN_UNUSED_VARIABLE = YES;
				IPHONEOS_DEPLOYMENT_TARGET = 18.2;
				LOCALIZATION_PREFERS_STRING_CATALOGS = YES;
				MTL_ENABLE_DEBUG_INFO = NO;
				MTL_FAST_MATH = YES;
				SDKROOT = iphoneos;
				SWIFT_COMPILATION_MODE = wholemodule;
				SWIFT_EMIT_LOC_STRINGS = YES;
				VALIDATE_PRODUCT = YES;
			};
			name = Release;
		};
		3FC983922D7B0A1700D828D6 /* Debug */ = {
			isa = XCBuildConfiguration;
			buildSettings = {
				ASSETCATALOG_COMPILER_APPICON_NAME = AppIcon;
				ASSETCATALOG_COMPILER_GLOBAL_ACCENT_COLOR_NAME = AccentColor;
				CODE_SIGN_STYLE = Automatic;
				CURRENT_PROJECT_VERSION = 1;
				DEVELOPMENT_ASSET_PATHS = "\"mobile_CA2/Preview Content\"";
				ENABLE_PREVIEWS = YES;
				GENERATE_INFOPLIST_FILE = YES;
				INFOPLIST_KEY_NSLocationAlwaysAndWhenInUseUsageDescription = "This app needs your location ro provide best feature based on location.";
				INFOPLIST_KEY_NSLocationWhenInUseUsageDescription = "This app needs your location to complete location based services.";
				INFOPLIST_KEY_UIApplicationSceneManifest_Generation = YES;
				INFOPLIST_KEY_UIApplicationSupportsIndirectInputEvents = YES;
				INFOPLIST_KEY_UILaunchScreen_Generation = YES;
				INFOPLIST_KEY_UISupportedInterfaceOrientations_iPad = "UIInterfaceOrientationPortrait UIInterfaceOrientationPortraitUpsideDown UIInterfaceOrientationLandscapeLeft UIInterfaceOrientationLandscapeRight";
				INFOPLIST_KEY_UISupportedInterfaceOrientations_iPhone = "UIInterfaceOrientationPortrait UIInterfaceOrientationLandscapeLeft UIInterfaceOrientationLandscapeRight";
				LD_RUNPATH_SEARCH_PATHS = (
					"$(inherited)",
					"@executable_path/Frameworks",
				);
				MARKETING_VERSION = 1.0;
				PRODUCT_BUNDLE_IDENTIFIER = "com.meabh.mobile-CA2";
				PRODUCT_NAME = "$(TARGET_NAME)";
				SWIFT_EMIT_LOC_STRINGS = YES;
				SWIFT_VERSION = 5.0;
				TARGETED_DEVICE_FAMILY = "1,2";
			};
			name = Debug;
		};
		3FC983932D7B0A1700D828D6 /* Release */ = {
			isa = XCBuildConfiguration;
			buildSettings = {
				ASSETCATALOG_COMPILER_APPICON_NAME = AppIcon;
				ASSETCATALOG_COMPILER_GLOBAL_ACCENT_COLOR_NAME = AccentColor;
				CODE_SIGN_STYLE = Automatic;
				CURRENT_PROJECT_VERSION = 1;
				DEVELOPMENT_ASSET_PATHS = "\"mobile_CA2/Preview Content\"";
				ENABLE_PREVIEWS = YES;
				GENERATE_INFOPLIST_FILE = YES;
				INFOPLIST_KEY_NSLocationAlwaysAndWhenInUseUsageDescription = "This app needs your location ro provide best feature based on location.";
				INFOPLIST_KEY_NSLocationWhenInUseUsageDescription = "This app needs your location to complete location based services.";
				INFOPLIST_KEY_UIApplicationSceneManifest_Generation = YES;
				INFOPLIST_KEY_UIApplicationSupportsIndirectInputEvents = YES;
				INFOPLIST_KEY_UILaunchScreen_Generation = YES;
				INFOPLIST_KEY_UISupportedInterfaceOrientations_iPad = "UIInterfaceOrientationPortrait UIInterfaceOrientationPortraitUpsideDown UIInterfaceOrientationLandscapeLeft UIInterfaceOrientationLandscapeRight";
				INFOPLIST_KEY_UISupportedInterfaceOrientations_iPhone = "UIInterfaceOrientationPortrait UIInterfaceOrientationLandscapeLeft UIInterfaceOrientationLandscapeRight";
				LD_RUNPATH_SEARCH_PATHS = (
					"$(inherited)",
					"@executable_path/Frameworks",
				);
				MARKETING_VERSION = 1.0;
				PRODUCT_BUNDLE_IDENTIFIER = "com.meabh.mobile-CA2";
				PRODUCT_NAME = "$(TARGET_NAME)";
				SWIFT_EMIT_LOC_STRINGS = YES;
				SWIFT_VERSION = 5.0;
				TARGETED_DEVICE_FAMILY = "1,2";
			};
			name = Release;
		};
		3FC983952D7B0A1700D828D6 /* Debug */ = {
			isa = XCBuildConfiguration;
			buildSettings = {
				BUNDLE_LOADER = "$(TEST_HOST)";
				CODE_SIGN_STYLE = Automatic;
				CURRENT_PROJECT_VERSION = 1;
				GENERATE_INFOPLIST_FILE = YES;
				IPHONEOS_DEPLOYMENT_TARGET = 18.2;
				MARKETING_VERSION = 1.0;
				PRODUCT_BUNDLE_IDENTIFIER = "com.meabh.mobile-CA2Tests";
				PRODUCT_NAME = "$(TARGET_NAME)";
				SWIFT_EMIT_LOC_STRINGS = NO;
				SWIFT_VERSION = 5.0;
				TARGETED_DEVICE_FAMILY = "1,2";
				TEST_HOST = "$(BUILT_PRODUCTS_DIR)/mobile_CA2.app/$(BUNDLE_EXECUTABLE_FOLDER_PATH)/mobile_CA2";
			};
			name = Debug;
		};
		3FC983962D7B0A1700D828D6 /* Release */ = {
			isa = XCBuildConfiguration;
			buildSettings = {
				BUNDLE_LOADER = "$(TEST_HOST)";
				CODE_SIGN_STYLE = Automatic;
				CURRENT_PROJECT_VERSION = 1;
				GENERATE_INFOPLIST_FILE = YES;
				IPHONEOS_DEPLOYMENT_TARGET = 18.2;
				MARKETING_VERSION = 1.0;
				PRODUCT_BUNDLE_IDENTIFIER = "com.meabh.mobile-CA2Tests";
				PRODUCT_NAME = "$(TARGET_NAME)";
				SWIFT_EMIT_LOC_STRINGS = NO;
				SWIFT_VERSION = 5.0;
				TARGETED_DEVICE_FAMILY = "1,2";
				TEST_HOST = "$(BUILT_PRODUCTS_DIR)/mobile_CA2.app/$(BUNDLE_EXECUTABLE_FOLDER_PATH)/mobile_CA2";
			};
			name = Release;
		};
		3FC983982D7B0A1700D828D6 /* Debug */ = {
			isa = XCBuildConfiguration;
			buildSettings = {
				CODE_SIGN_STYLE = Automatic;
				CURRENT_PROJECT_VERSION = 1;
				GENERATE_INFOPLIST_FILE = YES;
				MARKETING_VERSION = 1.0;
				PRODUCT_BUNDLE_IDENTIFIER = "com.meabh.mobile-CA2UITests";
				PRODUCT_NAME = "$(TARGET_NAME)";
				SWIFT_EMIT_LOC_STRINGS = NO;
				SWIFT_VERSION = 5.0;
				TARGETED_DEVICE_FAMILY = "1,2";
				TEST_TARGET_NAME = mobile_CA2;
			};
			name = Debug;
		};
		3FC983992D7B0A1700D828D6 /* Release */ = {
			isa = XCBuildConfiguration;
			buildSettings = {
				CODE_SIGN_STYLE = Automatic;
				CURRENT_PROJECT_VERSION = 1;
				GENERATE_INFOPLIST_FILE = YES;
				MARKETING_VERSION = 1.0;
				PRODUCT_BUNDLE_IDENTIFIER = "com.meabh.mobile-CA2UITests";
				PRODUCT_NAME = "$(TARGET_NAME)";
				SWIFT_EMIT_LOC_STRINGS = NO;
				SWIFT_VERSION = 5.0;
				TARGETED_DEVICE_FAMILY = "1,2";
				TEST_TARGET_NAME = mobile_CA2;
			};
			name = Release;
		};
/* End XCBuildConfiguration section */

/* Begin XCConfigurationList section */
		3FC983682D7B0A1500D828D6 /* Build configuration list for PBXProject "mobile_CA2" */ = {
			isa = XCConfigurationList;
			buildConfigurations = (
				3FC9838F2D7B0A1700D828D6 /* Debug */,
				3FC983902D7B0A1700D828D6 /* Release */,
			);
			defaultConfigurationIsVisible = 0;
			defaultConfigurationName = Release;
		};
		3FC983912D7B0A1700D828D6 /* Build configuration list for PBXNativeTarget "mobile_CA2" */ = {
			isa = XCConfigurationList;
			buildConfigurations = (
				3FC983922D7B0A1700D828D6 /* Debug */,
				3FC983932D7B0A1700D828D6 /* Release */,
			);
			defaultConfigurationIsVisible = 0;
			defaultConfigurationName = Release;
		};
		3FC983942D7B0A1700D828D6 /* Build configuration list for PBXNativeTarget "mobile_CA2Tests" */ = {
			isa = XCConfigurationList;
			buildConfigurations = (
				3FC983952D7B0A1700D828D6 /* Debug */,
				3FC983962D7B0A1700D828D6 /* Release */,
			);
			defaultConfigurationIsVisible = 0;
			defaultConfigurationName = Release;
		};
		3FC983972D7B0A1700D828D6 /* Build configuration list for PBXNativeTarget "mobile_CA2UITests" */ = {
			isa = XCConfigurationList;
			buildConfigurations = (
				3FC983982D7B0A1700D828D6 /* Debug */,
				3FC983992D7B0A1700D828D6 /* Release */,
			);
			defaultConfigurationIsVisible = 0;
			defaultConfigurationName = Release;
		};
/* End XCConfigurationList section */
	};
	rootObject = 3FC983652D7B0A1500D828D6 /* Project object */;
}
